
Microsoft Visual Studio Solution File, Format Version 12.00
# Visual Studio Version 17
VisualStudioVersion = 17.3.32922.545
MinimumVisualStudioVersion = 10.0.40219.1
Project("{FAE04EC0-301F-11D3-BF4B-00C04F79EFBC}") = "CSharp 24.10.2022", "CSharp 24.10.2022\CSharp 24.10.2022.csproj", "{73622014-F241-4D72-9A70-FB6E90150341}"
EndProject
Global
	GlobalSection(SolutionConfigurationPlatforms) = preSolution
		Debug|Any CPU = Debug|Any CPU
		Release|Any CPU = Release|Any CPU
	EndGlobalSection
	GlobalSection(ProjectConfigurationPlatforms) = postSolution
		{73622014-F241-4D72-9A70-FB6E90150341}.Debug|Any CPU.ActiveCfg = Debug|Any CPU
		{73622014-F241-4D72-9A70-FB6E90150341}.Debug|Any CPU.Build.0 = Debug|Any CPU
		{73622014-F241-4D72-9A70-FB6E90150341}.Release|Any CPU.ActiveCfg = Release|Any CPU
		{73622014-F241-4D72-9A70-FB6E90150341}.Release|Any CPU.Build.0 = Release|Any CPU
	EndGlobalSection
	GlobalSection(SolutionProperties) = preSolution
		HideSolutionNode = FALSE
	EndGlobalSection
	GlobalSection(ExtensibilityGlobals) = postSolution
		SolutionGuid = {ACBCD8AD-24F2-49E2-BBFF-4039305B2333}
	EndGlobalSection
EndGlobal
